
Microsoft Visual Studio Solution File, Format Version 12.00
# Visual Studio 15
VisualStudioVersion = 15.0.27428.2015
MinimumVisualStudioVersion = 10.0.40219.1
Project("{FAE04EC0-301F-11D3-BF4B-00C04F79EFBC}") = "StrategyPattern", "StrategyPattern\StrategyPattern.csproj", "{9D236259-A2CA-49C9-8317-B52F2435FB76}"
EndProject
Project("{FAE04EC0-301F-11D3-BF4B-00C04F79EFBC}") = "ObserverPattern", "ObserverPattern\ObserverPattern.csproj", "{6A51D45D-EE52-45EA-8E75-D2B757EBAC8B}"
EndProject
Global
	GlobalSection(SolutionConfigurationPlatforms) = preSolution
		Debug|Any CPU = Debug|Any CPU
		Release|Any CPU = Release|Any CPU
	EndGlobalSection
	GlobalSection(ProjectConfigurationPlatforms) = postSolution
		{9D236259-A2CA-49C9-8317-B52F2435FB76}.Debug|Any CPU.ActiveCfg = Debug|Any CPU
		{9D236259-A2CA-49C9-8317-B52F2435FB76}.Debug|Any CPU.Build.0 = Debug|Any CPU
		{9D236259-A2CA-49C9-8317-B52F2435FB76}.Release|Any CPU.ActiveCfg = Release|Any CPU
		{9D236259-A2CA-49C9-8317-B52F2435FB76}.Release|Any CPU.Build.0 = Release|Any CPU
		{6A51D45D-EE52-45EA-8E75-D2B757EBAC8B}.Debug|Any CPU.ActiveCfg = Debug|Any CPU
		{6A51D45D-EE52-45EA-8E75-D2B757EBAC8B}.Debug|Any CPU.Build.0 = Debug|Any CPU
		{6A51D45D-EE52-45EA-8E75-D2B757EBAC8B}.Release|Any CPU.ActiveCfg = Release|Any CPU
		{6A51D45D-EE52-45EA-8E75-D2B757EBAC8B}.Release|Any CPU.Build.0 = Release|Any CPU
	EndGlobalSection
	GlobalSection(SolutionProperties) = preSolution
		HideSolutionNode = FALSE
	EndGlobalSection
	GlobalSection(ExtensibilityGlobals) = postSolution
		SolutionGuid = {1F39CC90-E56B-40D6-AC9C-9AA9BF778220}
	EndGlobalSection
EndGlobal
